{
  "projects": [
    {
      "projectId": "43bHReTRfqiibt3XiSfGTQ",
      "version": "latest",
      "dependencies": {},
      "lang": "ts",
      "fileLocks": [
        {
          "assetId": "43bHReTRfqiibt3XiSfGTQ",
          "type": "projectCss",
          "checksum": "38c5b3dacdf5784d5f18210d1c549074"
        },
        {
          "type": "renderModule",
          "assetId": "UwzLGpuSf6Tq",
          "checksum": "64b412347ee308232303caf28e0db626"
        },
        {
          "type": "cssRules",
          "assetId": "UwzLGpuSf6Tq",
          "checksum": "64b412347ee308232303caf28e0db626"
        },
        {
          "type": "renderModule",
          "assetId": "waPsxHy97XPY",
          "checksum": "997cb8d75ad8d0d6bee99de02fef9f92"
        },
        {
          "type": "cssRules",
          "assetId": "waPsxHy97XPY",
          "checksum": "997cb8d75ad8d0d6bee99de02fef9f92"
        },
        {
          "type": "renderModule",
          "assetId": "f12pkppDyohP",
          "checksum": "4e949d19e82e9b984b8ec27c557d8e8d"
        },
        {
          "type": "cssRules",
          "assetId": "f12pkppDyohP",
          "checksum": "4e949d19e82e9b984b8ec27c557d8e8d"
        },
        {
          "type": "icon",
          "assetId": "CpfRGVR29c8h",
          "checksum": "ad661d4ef1c8285e8fb82a77fab7a94c"
        },
        {
          "type": "icon",
          "assetId": "q_C_DmEehEDc",
          "checksum": "bb1363e9c6d9b22cabc57db9881102d4"
        },
        {
          "type": "icon",
          "assetId": "iKGPmsAfFh-D",
          "checksum": "175ca67462e04720343dd4f29c35cd1e"
        },
        {
          "type": "icon",
          "assetId": "IRj--URvT-EH",
          "checksum": "41864cf5eb542ee5260b8b26329a9e5e"
        },
        {
          "type": "icon",
          "assetId": "mtNvedioPx8g",
          "checksum": "c9f213493b043630d59cf4f589cd6056"
        },
        {
          "type": "image",
          "assetId": "u9hKWBjA7ueg",
          "checksum": "8a8f1c0d63e18ee8dfc46030f198b50f"
        },
        {
          "type": "image",
          "assetId": "2UfueqVVDsfh",
          "checksum": "10c8e8c05b8fbb9a4f89617f2a4eda7f"
        },
        {
          "type": "image",
          "assetId": "qRTFyX_f7oTL",
          "checksum": "60bb6f55c1f4096bea62305894ba5d65"
        },
        {
          "type": "image",
          "assetId": "sCFnZjGlf5Se",
          "checksum": "35a7fbdd2eabef7569302ff0e282126b"
        },
        {
          "type": "image",
          "assetId": "znIO4qybxgrk",
          "checksum": "5892454aba5f9692ea8443151d2398d4"
        },
        {
          "type": "image",
          "assetId": "WSyo6Cyy07pz",
          "checksum": "811abd2021d4bec4dc47c9eedd8abefe"
        },
        {
          "type": "image",
          "assetId": "qOmn4-yRnfJR",
          "checksum": "a192f43f31eaff444a96c0774f454dc5"
        },
        {
          "type": "image",
          "assetId": "se6oVom4Koz1",
          "checksum": "273af7b07abccce453bfe3fff2f09885"
        },
        {
          "type": "image",
          "assetId": "JRClMTbc5Hm2",
          "checksum": "089c0a9a280ea0b37932072ad5841701"
        },
        {
          "type": "image",
          "assetId": "qFjjGkNHtDkL",
          "checksum": "58914c8a8fb9cf48d66c9e6644f7ed50"
        },
        {
          "type": "image",
          "assetId": "xWABOEstMZ5j",
          "checksum": "2b75a367a2ecd5afe83530db4b5d05c9"
        },
        {
          "type": "image",
          "assetId": "QKLp3r9L9l1U",
          "checksum": "320b0b322f4e56cee8789134658b12fc"
        },
        {
          "type": "image",
          "assetId": "unSHyhhRDSp_",
          "checksum": "87fcb84a41039fe25789a596becd21dd"
        },
        {
          "type": "image",
          "assetId": "rxpAsKGFYxqZ",
          "checksum": "39c6ded9b15978db4ad1f3dac6d36ab4"
        },
        {
          "type": "image",
          "assetId": "gE4szRUMYp2D",
          "checksum": "cf5e9035ace0d667491e4111593381ce"
        },
        {
          "type": "image",
          "assetId": "bzn5zwFwXRNi",
          "checksum": "4620f84e5cce6a830e19637218f24f80"
        },
        {
          "type": "image",
          "assetId": "0K61qenhZLz-",
          "checksum": "199a339339ec4bbe9a7f3646f6576b74"
        },
        {
          "type": "image",
          "assetId": "pWgSodApg9uf",
          "checksum": "631888935b87c43ca7f2e2239273217d"
        },
        {
          "type": "image",
          "assetId": "yAb2jUbP10yL",
          "checksum": "a42698bf0aec76b6b01201658ea3949a"
        },
        {
          "type": "image",
          "assetId": "2HVxB3vNeRdr",
          "checksum": "d58e800001134ecfe19ad4b896405658"
        },
        {
          "type": "image",
          "assetId": "8woS0x6osoOU",
          "checksum": "4cb498237de7413af1d2546509fac1d7"
        },
        {
          "type": "image",
          "assetId": "xixTVdZPCqGS",
          "checksum": "3ee5481aaf852ef585f1fc336ea3e79a"
        },
        {
          "type": "image",
          "assetId": "fCRShLMTW-R1",
          "checksum": "368dea662c7b6ddf0752d31cc3d493de"
        },
        {
          "type": "image",
          "assetId": "imEzajjODln4",
          "checksum": "b0a47f7ee78e9d66e26fe06388eeda4d"
        },
        {
          "type": "image",
          "assetId": "RdNA4ODr6JRV",
          "checksum": "47d0d9a616dc54a80780c5699241203b"
        },
        {
          "type": "image",
          "assetId": "ls8oOGSZOlgx",
          "checksum": "3bdae14731f73f72ec61262aeafbc65f"
        },
        {
          "type": "image",
          "assetId": "Yg1F0fFZ62Op",
          "checksum": "0f3685a270f4041a0bdcd6b77604461e"
        },
        {
          "type": "image",
          "assetId": "dK5nar-_cK1p",
          "checksum": "251315b9dbb6b3067c397528d442cab8"
        },
        {
          "type": "image",
          "assetId": "Pl5WT0A-fvz8",
          "checksum": "1181ef172a1759fc823c5e4a0186a40b"
        },
        {
          "type": "image",
          "assetId": "y9KHlq-xvJF5",
          "checksum": "40ef0b1cee8e94eaae6af42a500dda3f"
        },
        {
          "type": "image",
          "assetId": "Rj2VlHTc3Tvu",
          "checksum": "8cb5afe6045c3468f59164a054943926"
        },
        {
          "type": "image",
          "assetId": "As9cAZvfMoNp",
          "checksum": "9db81838f95afdc14d4770008025f269"
        },
        {
          "type": "image",
          "assetId": "eVRUkYAq8VP9",
          "checksum": "d6f056fe3140b7cee2959f901e18cb22"
        },
        {
          "type": "image",
          "assetId": "tRIOjjJd0qif",
          "checksum": "ad7d5ebd62da4e949d6e78f18ab722d5"
        },
        {
          "type": "image",
          "assetId": "jOgxzSC4m18Z",
          "checksum": "8743bad548fc6cb97d0fc5b9bfef5d4c"
        },
        {
          "type": "image",
          "assetId": "wIQh1aG3RRla",
          "checksum": "731c04e0b3e6b381e3daa01a440306f5"
        }
      ],
      "codegenVersion": "0.0.1"
    }
  ],
  "cliVersion": "0.1.330"
}
